
Microsoft Visual Studio Solution File, Format Version 12.00
Project("{FAE04EC0-301F-11D3-BF4B-00C04F79EFBC}") = "DamageCalculator", "DamageCalculator\DamageCalculator.csproj", "{4AAE42B6-A617-4D02-9E5B-92B15E869A52}"
EndProject
Global
	GlobalSection(SolutionConfigurationPlatforms) = preSolution
		Debug|Any CPU = Debug|Any CPU
		Release|Any CPU = Release|Any CPU
	EndGlobalSection
	GlobalSection(ProjectConfigurationPlatforms) = postSolution
		{4AAE42B6-A617-4D02-9E5B-92B15E869A52}.Debug|Any CPU.ActiveCfg = Debug|Any CPU
		{4AAE42B6-A617-4D02-9E5B-92B15E869A52}.Debug|Any CPU.Build.0 = Debug|Any CPU
		{4AAE42B6-A617-4D02-9E5B-92B15E869A52}.Release|Any CPU.ActiveCfg = Release|Any CPU
		{4AAE42B6-A617-4D02-9E5B-92B15E869A52}.Release|Any CPU.Build.0 = Release|Any CPU
	EndGlobalSection
EndGlobal
