
Microsoft Visual Studio Solution File, Format Version 12.00
Project("{FAE04EC0-301F-11D3-BF4B-00C04F79EFBC}") = "PickRandomCards", "PickRandomCards\PickRandomCards.csproj", "{02BFA394-864D-40E3-AE80-DDE707B56DDF}"
EndProject
Global
	GlobalSection(SolutionConfigurationPlatforms) = preSolution
		Debug|Any CPU = Debug|Any CPU
		Release|Any CPU = Release|Any CPU
	EndGlobalSection
	GlobalSection(ProjectConfigurationPlatforms) = postSolution
		{02BFA394-864D-40E3-AE80-DDE707B56DDF}.Debug|Any CPU.ActiveCfg = Debug|Any CPU
		{02BFA394-864D-40E3-AE80-DDE707B56DDF}.Debug|Any CPU.Build.0 = Debug|Any CPU
		{02BFA394-864D-40E3-AE80-DDE707B56DDF}.Release|Any CPU.ActiveCfg = Release|Any CPU
		{02BFA394-864D-40E3-AE80-DDE707B56DDF}.Release|Any CPU.Build.0 = Release|Any CPU
	EndGlobalSection
EndGlobal
